Microsoft Visual Studio Solution File, Format Version 12.00
# Visual Studio Version 17
VisualStudioVersion = 17.5.2.0
MinimumVisualStudioVersion = 10.0.40219.1
Project("{FAE04EC0-301F-11D3-BF4B-00C04F79EFBC}") = "MiniIsland", "MiniIsland.csproj", "{63BBC0E8-BC7D-5306-93F8-764E19AC13BB}"
EndProject
Global
	GlobalSection(SolutionConfigurationPlatforms) = preSolution
		Debug|Any CPU = Debug|Any CPU
		Release|Any CPU = Release|Any CPU
	EndGlobalSection
	GlobalSection(ProjectConfigurationPlatforms) = postSolution
		{63BBC0E8-BC7D-5306-93F8-764E19AC13BB}.Debug|Any CPU.ActiveCfg = Debug|Any CPU
		{63BBC0E8-BC7D-5306-93F8-764E19AC13BB}.Debug|Any CPU.Build.0 = Debug|Any CPU
		{63BBC0E8-BC7D-5306-93F8-764E19AC13BB}.Release|Any CPU.ActiveCfg = Release|Any CPU
		{63BBC0E8-BC7D-5306-93F8-764E19AC13BB}.Release|Any CPU.Build.0 = Release|Any CPU
	EndGlobalSection
	GlobalSection(SolutionProperties) = preSolution
		HideSolutionNode = FALSE
	EndGlobalSection
	GlobalSection(ExtensibilityGlobals) = postSolution
		SolutionGuid = {8D58AE71-77B9-4407-AD29-79F37DB0C6CB}
	EndGlobalSection
EndGlobal
